// !$*UTF8*$!
{
	archiveVersion = 1;
	classes = {
	};
	objectVersion = 50;
	objects = {

/* Begin PBXBuildFile section */
		1833614125C0CEED00F72029 /* AppDelegate.swift in Sources */ = {isa = PBXBuildFile; fileRef = 1833614025C0CEED00F72029 /* AppDelegate.swift */; };
		1833614325C0CEED00F72029 /* ViewController.swift in Sources */ = {isa = PBXBuildFile; fileRef = 1833614225C0CEED00F72029 /* ViewController.swift */; };
		1833614625C0CEED00F72029 /* Main.storyboard in Resources */ = {isa = PBXBuildFile; fileRef = 1833614425C0CEED00F72029 /* Main.storyboard */; };
		1833614825C0CEED00F72029 /* Assets.xcassets in Resources */ = {isa = PBXBuildFile; fileRef = 1833614725C0CEED00F72029 /* Assets.xcassets */; };
		1833614B25C0CEED00F72029 /* LaunchScreen.storyboard in Resources */ = {isa = PBXBuildFile; fileRef = 1833614925C0CEED00F72029 /* LaunchScreen.storyboard */; };
		1833615625C0CEED00F72029 /* LoginTests.swift in Sources */ = {isa = PBXBuildFile; fileRef = 1833615525C0CEED00F72029 /* LoginTests.swift */; };
		1833616125C0CEED00F72029 /* LoginUITests.swift in Sources */ = {isa = PBXBuildFile; fileRef = 1833616025C0CEED00F72029 /* LoginUITests.swift */; };
/* End PBXBuildFile section */

/* Begin PBXContainerItemProxy section */
		1833615225C0CEED00F72029 /* PBXContainerItemProxy */ = {
			isa = PBXContainerItemProxy;
			containerPortal = 1833613525C0CEED00F72029 /* Project object */;
			proxyType = 1;
			remoteGlobalIDString = 1833613C25C0CEED00F72029;
			remoteInfo = Login;
		};
		1833615D25C0CEED00F72029 /* PBXContainerItemProxy */ = {
			isa = PBXContainerItemProxy;
			containerPortal = 1833613525C0CEED00F72029 /* Project object */;
			proxyType = 1;
			remoteGlobalIDString = 1833613C25C0CEED00F72029;
			remoteInfo = Login;
		};
/* End PBXContainerItemProxy section */

/* Begin PBXFileReference section */
		1833613D25C0CEED00F72029 /* Login.app */ = {isa = PBXFileReference; explicitFileType = wrapper.application; includeInIndex = 0; path = Login.app; sourceTree = BUILT_PRODUCTS_DIR; };
		1833614025C0CEED00F72029 /* AppDelegate.swift */ = {isa = PBXFileReference; lastKnownFileType = sourcecode.swift; path = AppDelegate.swift; sourceTree = "<group>"; };
		1833614225C0CEED00F72029 /* ViewController.swift */ = {isa = PBXFileReference; lastKnownFileType = sourcecode.swift; path = ViewController.swift; sourceTree = "<group>"; };
		1833614525C0CEED00F72029 /* Base */ = {isa = PBXFileReference; lastKnownFileType = file.storyboard; name = Base; path = Base.lproj/Main.storyboard; sourceTree = "<group>"; };
		1833614725C0CEED00F72029 /* Assets.xcassets */ = {isa = PBXFileReference; lastKnownFileType = folder.assetcatalog; path = Assets.xcassets; sourceTree = "<group>"; };
		1833614A25C0CEED00F72029 /* Base */ = {isa = PBXFileReference; lastKnownFileType = file.storyboard; name = Base; path = Base.lproj/LaunchScreen.storyboard; sourceTree = "<group>"; };
		1833614C25C0CEED00F72029 /* Info.plist */ = {isa = PBXFileReference; lastKnownFileType = text.plist.xml; path = Info.plist; sourceTree = "<group>"; };
		1833615125C0CEED00F72029 /* LoginTests.xctest */ = {isa = PBXFileReference; explicitFileType = wrapper.cfbundle; includeInIndex = 0; path = LoginTests.xctest; sourceTree = BUILT_PRODUCTS_DIR; };
		1833615525C0CEED00F72029 /* LoginTests.swift */ = {isa = PBXFileReference; lastKnownFileType = sourcecode.swift; path = LoginTests.swift; sourceTree = "<group>"; };
		1833615725C0CEED00F72029 /* Info.plist */ = {isa = PBXFileReference; lastKnownFileType = text.plist.xml; path = Info.plist; sourceTree = "<group>"; };
		1833615C25C0CEED00F72029 /* LoginUITests.xctest */ = {isa = PBXFileReference; explicitFileType = wrapper.cfbundle; includeInIndex = 0; path = LoginUITests.xctest; sourceTree = BUILT_PRODUCTS_DIR; };
		1833616025C0CEED00F72029 /* LoginUITests.swift */ = {isa = PBXFileReference; lastKnownFileType = sourcecode.swift; path = LoginUITests.swift; sourceTree = "<group>"; };
		1833616225C0CEED00F72029 /* Info.plist */ = {isa = PBXFileReference; lastKnownFileType = text.plist.xml; path = Info.plist; sourceTree = "<group>"; };
/* End PBXFileReference section */

/* Begin PBXFrameworksBuildPhase section */
		1833613A25C0CEED00F72029 /* Frameworks */ = {
			isa = PBXFrameworksBuildPhase;
			buildActionMask = 2147483647;
			files = (
			);
			runOnlyForDeploymentPostprocessing = 0;
		};
		1833614E25C0CEED00F72029 /* Frameworks */ = {
			isa = PBXFrameworksBuildPhase;
			buildActionMask = 2147483647;
			files = (
			);
			runOnlyForDeploymentPostprocessing = 0;
		};
		1833615925C0CEED00F72029 /* Frameworks */ = {
			isa = PBXFrameworksBuildPhase;
			buildActionMask = 2147483647;
			files = (
			);
			runOnlyForDeploymentPostprocessing = 0;
		};
/* End PBXFrameworksBuildPhase section */

/* Begin PBXGroup section */
		1833613425C0CEED00F72029 = {
			isa = PBXGroup;
			children = (
				1833613F25C0CEED00F72029 /* Login */,
				1833615425C0CEED00F72029 /* LoginTests */,
				1833615F25C0CEED00F72029 /* LoginUITests */,
				1833613E25C0CEED00F72029 /* Products */,
			);
			sourceTree = "<group>";
		};
		1833613E25C0CEED00F72029 /* Products */ = {
			isa = PBXGroup;
			children = (
				1833613D25C0CEED00F72029 /* Login.app */,
				1833615125C0CEED00F72029 /* LoginTests.xctest */,
				1833615C25C0CEED00F72029 /* LoginUITests.xctest */,
			);
			name = Products;
			sourceTree = "<group>";
		};
		1833613F25C0CEED00F72029 /* Login */ = {
			isa = PBXGroup;
			children = (
				1833614025C0CEED00F72029 /* AppDelegate.swift */,
				1833614225C0CEED00F72029 /* ViewController.swift */,
				1833614425C0CEED00F72029 /* Main.storyboard */,
				1833614725C0CEED00F72029 /* Assets.xcassets */,
				1833614925C0CEED00F72029 /* LaunchScreen.storyboard */,
				1833614C25C0CEED00F72029 /* Info.plist */,
			);
			path = Login;
			sourceTree = "<group>";
		};
		1833615425C0CEED00F72029 /* LoginTests */ = {
			isa = PBXGroup;
			children = (
				1833615525C0CEED00F72029 /* LoginTests.swift */,
				1833615725C0CEED00F72029 /* Info.plist */,
			);
			path = LoginTests;
			sourceTree = "<group>";
		};
		1833615F25C0CEED00F72029 /* LoginUITests */ = {
			isa = PBXGroup;
			children = (
				1833616025C0CEED00F72029 /* LoginUITests.swift */,
				1833616225C0CEED00F72029 /* Info.plist */,
			);
			path = LoginUITests;
			sourceTree = "<group>";
		};
/* End PBXGroup section */

/* Begin PBXNativeTarget section */
		1833613C25C0CEED00F72029 /* Login */ = {
			isa = PBXNativeTarget;
			buildConfigurationList = 1833616525C0CEED00F72029 /* Build configuration list for PBXNativeTarget "Login" */;
			buildPhases = (
				1833613925C0CEED00F72029 /* Sources */,
				1833613A25C0CEED00F72029 /* Frameworks */,
				1833613B25C0CEED00F72029 /* Resources */,
			);
			buildRules = (
			);
			dependencies = (
			);
			name = Login;
			productName = Login;
			productReference = 1833613D25C0CEED00F72029 /* Login.app */;
			productType = "com.apple.product-type.application";
		};
		1833615025C0CEED00F72029 /* LoginTests */ = {
			isa = PBXNativeTarget;
			buildConfigurationList = 1833616825C0CEED00F72029 /* Build configuration list for PBXNativeTarget "LoginTests" */;
			buildPhases = (
				1833614D25C0CEED00F72029 /* Sources */,
				1833614E25C0CEED00F72029 /* Frameworks */,
				1833614F25C0CEED00F72029 /* Resources */,
			);
			buildRules = (
			);
			dependencies = (
				1833615325C0CEED00F72029 /* PBXTargetDependency */,
			);
			name = LoginTests;
			productName = LoginTests;
			productReference = 1833615125C0CEED00F72029 /* LoginTests.xctest */;
			productType = "com.apple.product-type.bundle.unit-test";
		};
		1833615B25C0CEED00F72029 /* LoginUITests */ = {
			isa = PBXNativeTarget;
			buildConfigurationList = 1833616B25C0CEED00F72029 /* Build configuration list for PBXNativeTarget "LoginUITests" */;
			buildPhases = (
				1833615825C0CEED00F72029 /* Sources */,
				1833615925C0CEED00F72029 /* Frameworks */,
				1833615A25C0CEED00F72029 /* Resources */,
			);
			buildRules = (
			);
			dependencies = (
				1833615E25C0CEED00F72029 /* PBXTargetDependency */,
			);
			name = LoginUITests;
			productName = LoginUITests;
			productReference = 1833615C25C0CEED00F72029 /* LoginUITests.xctest */;
			productType = "com.apple.product-type.bundle.ui-testing";
		};
/* End PBXNativeTarget section */

/* Begin PBXProject section */
		1833613525C0CEED00F72029 /* Project object */ = {
			isa = PBXProject;
			attributes = {
				LastSwiftUpdateCheck = 1020;
				LastUpgradeCheck = 1020;
				ORGANIZATIONNAME = SuhoKang;
				TargetAttributes = {
					1833613C25C0CEED00F72029 = {
						CreatedOnToolsVersion = 10.2;
					};
					1833615025C0CEED00F72029 = {
						CreatedOnToolsVersion = 10.2;
						TestTargetID = 1833613C25C0CEED00F72029;
					};
					1833615B25C0CEED00F72029 = {
						CreatedOnToolsVersion = 10.2;
						TestTargetID = 1833613C25C0CEED00F72029;
					};
				};
			};
			buildConfigurationList = 1833613825C0CEED00F72029 /* Build configuration list for PBXProject "Login" */;
			compatibilityVersion = "Xcode 9.3";
			developmentRegion = en;
			hasScannedForEncodings = 0;
			knownRegions = (
				en,
				Base,
			);
			mainGroup = 1833613425C0CEED00F72029;
			productRefGroup = 1833613E25C0CEED00F72029 /* Products */;
			projectDirPath = "";
			projectRoot = "";
			targets = (
				1833613C25C0CEED00F72029 /* Login */,
				1833615025C0CEED00F72029 /* LoginTests */,
				1833615B25C0CEED00F72029 /* LoginUITests */,
			);
		};
/* End PBXProject section */

/* Begin PBXResourcesBuildPhase section */
		1833613B25C0CEED00F72029 /* Resources */ = {
			isa = PBXResourcesBuildPhase;
			buildActionMask = 2147483647;
			files = (
				1833614B25C0CEED00F72029 /* LaunchScreen.storyboard in Resources */,
				1833614825C0CEED00F72029 /* Assets.xcassets in Resources */,
				1833614625C0CEED00F72029 /* Main.storyboard in Resources */,
			);
			runOnlyForDeploymentPostprocessing = 0;
		};
		1833614F25C0CEED00F72029 /* Resources */ = {
			isa = PBXResourcesBuildPhase;
			buildActionMask = 2147483647;
			files = (
			);
			runOnlyForDeploymentPostprocessing = 0;
		};
		1833615A25C0CEED00F72029 /* Resources */ = {
			isa = PBXResourcesBuildPhase;
			buildActionMask = 2147483647;
			files = (
			);
			runOnlyForDeploymentPostprocessing = 0;
		};
/* End PBXResourcesBuildPhase section */

/* Begin PBXSourcesBuildPhase section */
		1833613925C0CEED00F72029 /* Sources */ = {
			isa = PBXSourcesBuildPhase;
			buildActionMask = 2147483647;
			files = (
				1833614325C0CEED00F72029 /* ViewController.swift in Sources */,
				1833614125C0CEED00F72029 /* AppDelegate.swift in Sources */,
			);
			runOnlyForDeploymentPostprocessing = 0;
		};
		1833614D25C0CEED00F72029 /* Sources */ = {
			isa = PBXSourcesBuildPhase;
			buildActionMask = 2147483647;
			files = (
				1833615625C0CEED00F72029 /* LoginTests.swift in Sources */,
			);
			runOnlyForDeploymentPostprocessing = 0;
		};
		1833615825C0CEED00F72029 /* Sources */ = {
			isa = PBXSourcesBuildPhase;
			buildActionMask = 2147483647;
			files = (
				1833616125C0CEED00F72029 /* LoginUITests.swift in Sources */,
			);
			runOnlyForDeploymentPostprocessing = 0;
		};
/* End PBXSourcesBuildPhase section */

/* Begin PBXTargetDependency section */
		1833615325C0CEED00F72029 /* PBXTargetDependency */ = {
			isa = PBXTargetDependency;
			target = 1833613C25C0CEED00F72029 /* Login */;
			targetProxy = 1833615225C0CEED00F72029 /* PBXContainerItemProxy */;
		};
		1833615E25C0CEED00F72029 /* PBXTargetDependency */ = {
			isa = PBXTargetDependency;
			target = 1833613C25C0CEED00F72029 /* Login */;
			targetProxy = 1833615D25C0CEED00F72029 /* PBXContainerItemProxy */;
		};
/* End PBXTargetDependency section */

/* Begin PBXVariantGroup section */
		1833614425C0CEED00F72029 /* Main.storyboard */ = {
			isa = PBXVariantGroup;
			children = (
				1833614525C0CEED00F72029 /* Base */,
			);
			name = Main.storyboard;
			sourceTree = "<group>";
		};
		1833614925C0CEED00F72029 /* LaunchScreen.storyboard */ = {
			isa = PBXVariantGroup;
			children = (
				1833614A25C0CEED00F72029 /* Base */,
			);
			name = LaunchScreen.storyboard;
			sourceTree = "<group>";
		};
/* End PBXVariantGroup section */

/* Begin XCBuildConfiguration section */
		1833616325C0CEED00F72029 /* Debug */ = {
			isa = XCBuildConfiguration;
			buildSettings = {
				ALWAYS_SEARCH_USER_PATHS = NO;
				CLANG_ANALYZER_NONNULL = YES;
				CLANG_ANALYZER_NUMBER_OBJECT_CONVERSION = YES_AGGRESSIVE;
				CLANG_CXX_LANGUAGE_STANDARD = "gnu++14";
				CLANG_CXX_LIBRARY = "libc++";
				CLANG_ENABLE_MODULES = YES;
				CLANG_ENABLE_OBJC_ARC = YES;
				CLANG_ENABLE_OBJC_WEAK = YES;
				CLANG_WARN_BLOCK_CAPTURE_AUTORELEASING = YES;
				CLANG_WARN_BOOL_CONVERSION = YES;
				CLANG_WARN_COMMA = YES;
				CLANG_WARN_CONSTANT_CONVERSION = YES;
				CLANG_WARN_DEPRECATED_OBJC_IMPLEMENTATIONS = YES;
				CLANG_WARN_DIRECT_OBJC_ISA_USAGE = YES_ERROR;
				CLANG_WARN_DOCUMENTATION_COMMENTS = YES;
				CLANG_WARN_EMPTY_BODY = YES;
				CLANG_WARN_ENUM_CONVERSION = YES;
				CLANG_WARN_INFINITE_RECURSION = YES;
				CLANG_WARN_INT_CONVERSION = YES;
				CLANG_WARN_NON_LITERAL_NULL_CONVERSION = YES;
				CLANG_WARN_OBJC_IMPLICIT_RETAIN_SELF = YES;
				CLANG_WARN_OBJC_LITERAL_CONVERSION = YES;
				CLANG_WARN_OBJC_ROOT_CLASS = YES_ERROR;
				CLANG_WARN_RANGE_LOOP_ANALYSIS = YES;
				CLANG_WARN_STRICT_PROTOTYPES = YES;
				CLANG_WARN_SUSPICIOUS_MOVE = YES;
				CLANG_WARN_UNGUARDED_AVAILABILITY = YES_AGGRESSIVE;
				CLANG_WARN_UNREACHABLE_CODE = YES;
				CLANG_WARN__DUPLICATE_METHOD_MATCH = YES;
				CODE_SIGN_IDENTITY = "iPhone Developer";
				COPY_PHASE_STRIP = NO;
				DEBUG_INFORMATION_FORMAT = dwarf;
				ENABLE_STRICT_OBJC_MSGSEND = YES;
				ENABLE_TESTABILITY = YES;
				GCC_C_LANGUAGE_STANDARD = gnu11;
				GCC_DYNAMIC_NO_PIC = NO;
				GCC_NO_COMMON_BLOCKS = YES;
				GCC_OPTIMIZATION_LEVEL = 0;
				GCC_PREPROCESSOR_DEFINITIONS = (
					"DEBUG=1",
					"$(inherited)",
				);
				GCC_WARN_64_TO_32_BIT_CONVERSION = YES;
				GCC_WARN_ABOUT_RETURN_TYPE = YES_ERROR;
				GCC_WARN_UNDECLARED_SELECTOR = YES;
				GCC_WARN_UNINITIALIZED_AUTOS = YES_AGGRESSIVE;
				GCC_WARN_UNUSED_FUNCTION = YES;
				GCC_WARN_UNUSED_VARIABLE = YES;
				IPHONEOS_DEPLOYMENT_TARGET = 12.2;
				MTL_ENABLE_DEBUG_INFO = INCLUDE_SOURCE;
				MTL_FAST_MATH = YES;
				ONLY_ACTIVE_ARCH = YES;
				SDKROOT = iphoneos;
				SWIFT_ACTIVE_COMPILATION_CONDITIONS = DEBUG;
				SWIFT_OPTIMIZATION_LEVEL = "-Onone";
			};
			name = Debug;
		};
		1833616425C0CEED00F72029 /* Release */ = {
			isa = XCBuildConfiguration;
			buildSettings = {
				ALWAYS_SEARCH_USER_PATHS = NO;
				CLANG_ANALYZER_NONNULL = YES;
				CLANG_ANALYZER_NUMBER_OBJECT_CONVERSION = YES_AGGRESSIVE;
				CLANG_CXX_LANGUAGE_STANDARD = "gnu++14";
				CLANG_CXX_LIBRARY = "libc++";
				CLANG_ENABLE_MODULES = YES;
				CLANG_ENABLE_OBJC_ARC = YES;
				CLANG_ENABLE_OBJC_WEAK = YES;
				CLANG_WARN_BLOCK_CAPTURE_AUTORELEASING = YES;
				CLANG_WARN_BOOL_CONVERSION = YES;
				CLANG_WARN_COMMA = YES;
				CLANG_WARN_CONSTANT_CONVERSION = YES;
				CLANG_WARN_DEPRECATED_OBJC_IMPLEMENTATIONS = YES;
				CLANG_WARN_DIRECT_OBJC_ISA_USAGE = YES_ERROR;
				CLANG_WARN_DOCUMENTATION_COMMENTS = YES;
				CLANG_WARN_EMPTY_BODY = YES;
				CLANG_WARN_ENUM_CONVERSION = YES;
				CLANG_WARN_INFINITE_RECURSION = YES;
				CLANG_WARN_INT_CONVERSION = YES;
				CLANG_WARN_NON_LITERAL_NULL_CONVERSION = YES;
				CLANG_WARN_OBJC_IMPLICIT_RETAIN_SELF = YES;
				CLANG_WARN_OBJC_LITERAL_CONVERSION = YES;
				CLANG_WARN_OBJC_ROOT_CLASS = YES_ERROR;
				CLANG_WARN_RANGE_LOOP_ANALYSIS = YES;
				CLANG_WARN_STRICT_PROTOTYPES = YES;
				CLANG_WARN_SUSPICIOUS_MOVE = YES;
				CLANG_WARN_UNGUARDED_AVAILABILITY = YES_AGGRESSIVE;
				CLANG_WARN_UNREACHABLE_CODE = YES;
				CLANG_WARN__DUPLICATE_METHOD_MATCH = YES;
				CODE_SIGN_IDENTITY = "iPhone Developer";
				COPY_PHASE_STRIP = NO;
				DEBUG_INFORMATION_FORMAT = "dwarf-with-dsym";
				ENABLE_NS_ASSERTIONS = NO;
				ENABLE_STRICT_OBJC_MSGSEND = YES;
				GCC_C_LANGUAGE_STANDARD = gnu11;
				GCC_NO_COMMON_BLOCKS = YES;
				GCC_WARN_64_TO_32_BIT_CONVERSION = YES;
				GCC_WARN_ABOUT_RETURN_TYPE = YES_ERROR;
				GCC_WARN_UNDECLARED_SELECTOR = YES;
				GCC_WARN_UNINITIALIZED_AUTOS = YES_AGGRESSIVE;
				GCC_WARN_UNUSED_FUNCTION = YES;
				GCC_WARN_UNUSED_VARIABLE = YES;
				IPHONEOS_DEPLOYMENT_TARGET = 12.2;
				MTL_ENABLE_DEBUG_INFO = NO;
				MTL_FAST_MATH = YES;
				SDKROOT = iphoneos;
				SWIFT_COMPILATION_MODE = wholemodule;
				SWIFT_OPTIMIZATION_LEVEL = "-O";
				VALIDATE_PRODUCT = YES;
			};
			name = Release;
		};
		1833616625C0CEED00F72029 /* Debug */ = {
			isa = XCBuildConfiguration;
			buildSettings = {
				ASSETCATALOG_COMPILER_APPICON_NAME = AppIcon;
				CODE_SIGN_STYLE = Automatic;
				INFOPLIST_FILE = Login/Info.plist;
				LD_RUNPATH_SEARCH_PATHS = (
					"$(inherited)",
					"@executable_path/Frameworks",
				);
				PRODUCT_BUNDLE_IDENTIFIER = ca.hungrybird.Login;
				PRODUCT_NAME = "$(TARGET_NAME)";
				SWIFT_VERSION = 5.0;
				TARGETED_DEVICE_FAMILY = "1,2";
			};
			name = Debug;
		};
		1833616725C0CEED00F72029 /* Release */ = {
			isa = XCBuildConfiguration;
			buildSettings = {
				ASSETCATALOG_COMPILER_APPICON_NAME = AppIcon;
				CODE_SIGN_STYLE = Automatic;
				INFOPLIST_FILE = Login/Info.plist;
				LD_RUNPATH_SEARCH_PATHS = (
					"$(inherited)",
					"@executable_path/Frameworks",
				);
				PRODUCT_BUNDLE_IDENTIFIER = ca.hungrybird.Login;
				PRODUCT_NAME = "$(TARGET_NAME)";
				SWIFT_VERSION = 5.0;
				TARGETED_DEVICE_FAMILY = "1,2";
			};
			name = Release;
		};
		1833616925C0CEED00F72029 /* Debug */ = {
			isa = XCBuildConfiguration;
			buildSettings = {
				ALWAYS_EMBED_SWIFT_STANDARD_LIBRARIES = YES;
				BUNDLE_LOADER = "$(TEST_HOST)";
				CODE_SIGN_STYLE = Automatic;
				INFOPLIST_FILE = LoginTests/Info.plist;
				LD_RUNPATH_SEARCH_PATHS = (
					"$(inherited)",
					"@executable_path/Frameworks",
					"@loader_path/Frameworks",
				);
				PRODUCT_BUNDLE_IDENTIFIER = ca.hungrybird.LoginTests;
				PRODUCT_NAME = "$(TARGET_NAME)";
				SWIFT_VERSION = 5.0;
				TARGETED_DEVICE_FAMILY = "1,2";
				TEST_HOST = "$(BUILT_PRODUCTS_DIR)/Login.app/Login";
			};
			name = Debug;
		};
		1833616A25C0CEED00F72029 /* Release */ = {
			isa = XCBuildConfiguration;
			buildSettings = {
				ALWAYS_EMBED_SWIFT_STANDARD_LIBRARIES = YES;
				BUNDLE_LOADER = "$(TEST_HOST)";
				CODE_SIGN_STYLE = Automatic;
				INFOPLIST_FILE = LoginTests/Info.plist;
				LD_RUNPATH_SEARCH_PATHS = (
					"$(inherited)",
					"@executable_path/Frameworks",
					"@loader_path/Frameworks",
				);
				PRODUCT_BUNDLE_IDENTIFIER = ca.hungrybird.LoginTests;
				PRODUCT_NAME = "$(TARGET_NAME)";
				SWIFT_VERSION = 5.0;
				TARGETED_DEVICE_FAMILY = "1,2";
				TEST_HOST = "$(BUILT_PRODUCTS_DIR)/Login.app/Login";
			};
			name = Release;
		};
		1833616C25C0CEED00F72029 /* Debug */ = {
			isa = XCBuildConfiguration;
			buildSettings = {
				ALWAYS_EMBED_SWIFT_STANDARD_LIBRARIES = YES;
				CODE_SIGN_STYLE = Automatic;
				INFOPLIST_FILE = LoginUITests/Info.plist;
				LD_RUNPATH_SEARCH_PATHS = (
					"$(inherited)",
					"@executable_path/Frameworks",
					"@loader_path/Frameworks",
				);
				PRODUCT_BUNDLE_IDENTIFIER = ca.hungrybird.LoginUITests;
				PRODUCT_NAME = "$(TARGET_NAME)";
				SWIFT_VERSION = 5.0;
				TARGETED_DEVICE_FAMILY = "1,2";
				TEST_TARGET_NAME = Login;
			};
			name = Debug;
		};
		1833616D25C0CEED00F72029 /* Release */ = {
			isa = XCBuildConfiguration;
			buildSettings = {
				ALWAYS_EMBED_SWIFT_STANDARD_LIBRARIES = YES;
				CODE_SIGN_STYLE = Automatic;
				INFOPLIST_FILE = LoginUITests/Info.plist;
				LD_RUNPATH_SEARCH_PATHS = (
					"$(inherited)",
					"@executable_path/Frameworks",
					"@loader_path/Frameworks",
				);
				PRODUCT_BUNDLE_IDENTIFIER = ca.hungrybird.LoginUITests;
				PRODUCT_NAME = "$(TARGET_NAME)";
				SWIFT_VERSION = 5.0;
				TARGETED_DEVICE_FAMILY = "1,2";
				TEST_TARGET_NAME = Login;
			};
			name = Release;
		};
/* End XCBuildConfiguration section */

/* Begin XCConfigurationList section */
		1833613825C0CEED00F72029 /* Build configuration list for PBXProject "Login" */ = {
			isa = XCConfigurationList;
			buildConfigurations = (
				1833616325C0CEED00F72029 /* Debug */,
				1833616425C0CEED00F72029 /* Release */,
			);
			defaultConfigurationIsVisible = 0;
			defaultConfigurationName = Release;
		};
		1833616525C0CEED00F72029 /* Build configuration list for PBXNativeTarget "Login" */ = {
			isa = XCConfigurationList;
			buildConfigurations = (
				1833616625C0CEED00F72029 /* Debug */,
				1833616725C0CEED00F72029 /* Release */,
			);
			defaultConfigurationIsVisible = 0;
			defaultConfigurationName = Release;
		};
		1833616825C0CEED00F72029 /* Build configuration list for PBXNativeTarget "LoginTests" */ = {
			isa = XCConfigurationList;
			buildConfigurations = (
				1833616925C0CEED00F72029 /* Debug */,
				1833616A25C0CEED00F72029 /* Release */,
			);
			defaultConfigurationIsVisible = 0;
			defaultConfigurationName = Release;
		};
		1833616B25C0CEED00F72029 /* Build configuration list for PBXNativeTarget "LoginUITests" */ = {
			isa = XCConfigurationList;
			buildConfigurations = (
				1833616C25C0CEED00F72029 /* Debug */,
				1833616D25C0CEED00F72029 /* Release */,
			);
			defaultConfigurationIsVisible = 0;
			defaultConfigurationName = Release;
		};
/* End XCConfigurationList section */
	};
	rootObject = 1833613525C0CEED00F72029 /* Project object */;
}
